
Microsoft Visual Studio Solution File, Format Version 12.00
# Visual Studio Version 16
VisualStudioVersion = 16.0.32002.261
MinimumVisualStudioVersion = 10.0.40219.1
Project("{FAE04EC0-301F-11D3-BF4B-00C04F79EFBC}") = "PetrovLab9", "PetrovLab9\PetrovLab9.csproj", "{7F052EF8-9603-4186-A43F-21EE946DA40C}"
EndProject
Global
	GlobalSection(SolutionConfigurationPlatforms) = preSolution
		Debug|Any CPU = Debug|Any CPU
		Release|Any CPU = Release|Any CPU
	EndGlobalSection
	GlobalSection(ProjectConfigurationPlatforms) = postSolution
		{7F052EF8-9603-4186-A43F-21EE946DA40C}.Debug|Any CPU.ActiveCfg = Debug|Any CPU
		{7F052EF8-9603-4186-A43F-21EE946DA40C}.Debug|Any CPU.Build.0 = Debug|Any CPU
		{7F052EF8-9603-4186-A43F-21EE946DA40C}.Release|Any CPU.ActiveCfg = Release|Any CPU
		{7F052EF8-9603-4186-A43F-21EE946DA40C}.Release|Any CPU.Build.0 = Release|Any CPU
	EndGlobalSection
	GlobalSection(SolutionProperties) = preSolution
		HideSolutionNode = FALSE
	EndGlobalSection
	GlobalSection(ExtensibilityGlobals) = postSolution
		SolutionGuid = {21554130-D0ED-4034-976A-ED1FB0CC823B}
	EndGlobalSection
EndGlobal
